
Microsoft Visual Studio Solution File, Format Version 12.00
# Visual Studio Version 17
VisualStudioVersion = 17.4.33213.308
MinimumVisualStudioVersion = 10.0.40219.1
Project("{FAE04EC0-301F-11D3-BF4B-00C04F79EFBC}") = "TOBBETUROCKETRY", "TOBBETUROCKETRY.csproj", "{35DF6650-A3E2-410C-A49F-CC2B1DB431EF}"
EndProject
Global
	GlobalSection(SolutionConfigurationPlatforms) = preSolution
		Debug|Any CPU = Debug|Any CPU
		Release|Any CPU = Release|Any CPU
	EndGlobalSection
	GlobalSection(ProjectConfigurationPlatforms) = postSolution
		{35DF6650-A3E2-410C-A49F-CC2B1DB431EF}.Debug|Any CPU.ActiveCfg = Debug|Any CPU
		{35DF6650-A3E2-410C-A49F-CC2B1DB431EF}.Debug|Any CPU.Build.0 = Debug|Any CPU
		{35DF6650-A3E2-410C-A49F-CC2B1DB431EF}.Release|Any CPU.ActiveCfg = Release|Any CPU
		{35DF6650-A3E2-410C-A49F-CC2B1DB431EF}.Release|Any CPU.Build.0 = Release|Any CPU
	EndGlobalSection
	GlobalSection(SolutionProperties) = preSolution
		HideSolutionNode = FALSE
	EndGlobalSection
	GlobalSection(ExtensibilityGlobals) = postSolution
		SolutionGuid = {C80827F0-F1E4-4F89-B969-AD5EF315C1E0}
	EndGlobalSection
EndGlobal
